github.com/HU-bioinfo/hugo-book v0.0.0-20250503045727-7a4ce83cd180 h1:ihuou6FXHks3Cbssg9HOmNZgaN58iatRoN97UPVfjEU=
github.com/HU-bioinfo/hugo-book v0.0.0-20250503045727-7a4ce83cd180/go.mod h1:NzaXNtRdN1GgJQm4pEvX8FMvNf3brtPgwcrz38UvADw=
github.com/HU-bioinfo/hugo-book v0.0.0-20250503051010-660545ea0be4 h1:ITLrk8wBjexL1U6oonF8b/u9ZFR99FUAg2KCtGRv2hY=
github.com/HU-bioinfo/hugo-book v0.0.0-20250503051010-660545ea0be4/go.mod h1:NzaXNtRdN1GgJQm4pEvX8FMvNf3brtPgwcrz38UvADw=
